
Microsoft Visual Studio Solution File, Format Version 12.00
# Visual Studio Version 17
VisualStudioVersion = 17.4.33213.308
MinimumVisualStudioVersion = 10.0.40219.1
Project("{9A19103F-16F7-4668-BE54-9A1E7A4F7556}") = "ND1 2023", "ND1 2023\ND1 2023.csproj", "{AF31C4CB-DBD5-48A8-B38B-59AEE6865DF4}"
EndProject
Project("{FAE04EC0-301F-11D3-BF4B-00C04F79EFBC}") = "ComputerSite", "ComputerSite\ComputerSite.csproj", "{EFD03B0E-F182-405F-A994-273C284ED58E}"
EndProject
Global
	GlobalSection(SolutionConfigurationPlatforms) = preSolution
		Debug|Any CPU = Debug|Any CPU
		Release|Any CPU = Release|Any CPU
	EndGlobalSection
	GlobalSection(ProjectConfigurationPlatforms) = postSolution
		{AF31C4CB-DBD5-48A8-B38B-59AEE6865DF4}.Debug|Any CPU.ActiveCfg = Debug|Any CPU
		{AF31C4CB-DBD5-48A8-B38B-59AEE6865DF4}.Debug|Any CPU.Build.0 = Debug|Any CPU
		{AF31C4CB-DBD5-48A8-B38B-59AEE6865DF4}.Release|Any CPU.ActiveCfg = Release|Any CPU
		{AF31C4CB-DBD5-48A8-B38B-59AEE6865DF4}.Release|Any CPU.Build.0 = Release|Any CPU
		{EFD03B0E-F182-405F-A994-273C284ED58E}.Debug|Any CPU.ActiveCfg = Debug|Any CPU
		{EFD03B0E-F182-405F-A994-273C284ED58E}.Debug|Any CPU.Build.0 = Debug|Any CPU
		{EFD03B0E-F182-405F-A994-273C284ED58E}.Release|Any CPU.ActiveCfg = Release|Any CPU
		{EFD03B0E-F182-405F-A994-273C284ED58E}.Release|Any CPU.Build.0 = Release|Any CPU
	EndGlobalSection
	GlobalSection(SolutionProperties) = preSolution
		HideSolutionNode = FALSE
	EndGlobalSection
	GlobalSection(ExtensibilityGlobals) = postSolution
		SolutionGuid = {866D6331-3435-439B-9193-9EFB5104FA0A}
	EndGlobalSection
EndGlobal
